
Microsoft Visual Studio Solution File, Format Version 12.00
# Visual Studio Version 16
VisualStudioVersion = 16.0.30907.101
MinimumVisualStudioVersion = 10.0.40219.1
Project("{FAE04EC0-301F-11D3-BF4B-00C04F79EFBC}") = "WebApp1.Ui", "WebApp1.Ui\WebApp1.Ui.csproj", "{8E88FDAD-986F-4B00-8BA4-C46464BAD206}"
EndProject
Global
	GlobalSection(SolutionConfigurationPlatforms) = preSolution
		Debug|Any CPU = Debug|Any CPU
		Release|Any CPU = Release|Any CPU
	EndGlobalSection
	GlobalSection(ProjectConfigurationPlatforms) = postSolution
		{8E88FDAD-986F-4B00-8BA4-C46464BAD206}.Debug|Any CPU.ActiveCfg = Debug|Any CPU
		{8E88FDAD-986F-4B00-8BA4-C46464BAD206}.Debug|Any CPU.Build.0 = Debug|Any CPU
		{8E88FDAD-986F-4B00-8BA4-C46464BAD206}.Release|Any CPU.ActiveCfg = Release|Any CPU
		{8E88FDAD-986F-4B00-8BA4-C46464BAD206}.Release|Any CPU.Build.0 = Release|Any CPU
	EndGlobalSection
	GlobalSection(SolutionProperties) = preSolution
		HideSolutionNode = FALSE
	EndGlobalSection
	GlobalSection(ExtensibilityGlobals) = postSolution
		SolutionGuid = {3698524A-E6BC-4A9C-85C1-4C366C94BEB8}
	EndGlobalSection
EndGlobal
